
Microsoft Visual Studio Solution File, Format Version 12.00
# Visual Studio 15
VisualStudioVersion = 15.0.27130.2020
MinimumVisualStudioVersion = 10.0.40219.1
Project("{8BC9CEB8-8B4A-11D0-8D11-00A0C91BC942}") = "L4", "L4\L4.vcxproj", "{578D2CA3-8DC8-43BC-B5DB-8A9475F1A932}"
EndProject
Project("{8BC9CEB8-8B4A-11D0-8D11-00A0C91BC942}") = "ConsoleClienet", "ConsoleClienet\ConsoleClienet.vcxproj", "{913586B8-449A-439F-B10B-F0B72452E0A4}"
EndProject
Project("{8BC9CEB8-8B4A-11D0-8D11-00A0C91BC942}") = "ArrayL4Test", "ArrayL4Test\ArrayL4Test.vcxproj", "{D368FED3-E5CF-475C-B8B8-A583EB3AD648}"
EndProject
Global
	GlobalSection(SolutionConfigurationPlatforms) = preSolution
		Debug|x64 = Debug|x64
		Debug|x86 = Debug|x86
		Release|x64 = Release|x64
		Release|x86 = Release|x86
	EndGlobalSection
	GlobalSection(ProjectConfigurationPlatforms) = postSolution
		{578D2CA3-8DC8-43BC-B5DB-8A9475F1A932}.Debug|x64.ActiveCfg = Debug|x64
		{578D2CA3-8DC8-43BC-B5DB-8A9475F1A932}.Debug|x64.Build.0 = Debug|x64
		{578D2CA3-8DC8-43BC-B5DB-8A9475F1A932}.Debug|x86.ActiveCfg = Debug|Win32
		{578D2CA3-8DC8-43BC-B5DB-8A9475F1A932}.Debug|x86.Build.0 = Debug|Win32
		{578D2CA3-8DC8-43BC-B5DB-8A9475F1A932}.Release|x64.ActiveCfg = Release|x64
		{578D2CA3-8DC8-43BC-B5DB-8A9475F1A932}.Release|x64.Build.0 = Release|x64
		{578D2CA3-8DC8-43BC-B5DB-8A9475F1A932}.Release|x86.ActiveCfg = Release|Win32
		{578D2CA3-8DC8-43BC-B5DB-8A9475F1A932}.Release|x86.Build.0 = Release|Win32
		{913586B8-449A-439F-B10B-F0B72452E0A4}.Debug|x64.ActiveCfg = Debug|x64
		{913586B8-449A-439F-B10B-F0B72452E0A4}.Debug|x64.Build.0 = Debug|x64
		{913586B8-449A-439F-B10B-F0B72452E0A4}.Debug|x86.ActiveCfg = Debug|Win32
		{913586B8-449A-439F-B10B-F0B72452E0A4}.Debug|x86.Build.0 = Debug|Win32
		{913586B8-449A-439F-B10B-F0B72452E0A4}.Release|x64.ActiveCfg = Release|x64
		{913586B8-449A-439F-B10B-F0B72452E0A4}.Release|x64.Build.0 = Release|x64
		{913586B8-449A-439F-B10B-F0B72452E0A4}.Release|x86.ActiveCfg = Release|Win32
		{913586B8-449A-439F-B10B-F0B72452E0A4}.Release|x86.Build.0 = Release|Win32
		{D368FED3-E5CF-475C-B8B8-A583EB3AD648}.Debug|x64.ActiveCfg = Debug|x64
		{D368FED3-E5CF-475C-B8B8-A583EB3AD648}.Debug|x64.Build.0 = Debug|x64
		{D368FED3-E5CF-475C-B8B8-A583EB3AD648}.Debug|x86.ActiveCfg = Debug|Win32
		{D368FED3-E5CF-475C-B8B8-A583EB3AD648}.Debug|x86.Build.0 = Debug|Win32
		{D368FED3-E5CF-475C-B8B8-A583EB3AD648}.Release|x64.ActiveCfg = Release|x64
		{D368FED3-E5CF-475C-B8B8-A583EB3AD648}.Release|x64.Build.0 = Release|x64
		{D368FED3-E5CF-475C-B8B8-A583EB3AD648}.Release|x86.ActiveCfg = Release|Win32
		{D368FED3-E5CF-475C-B8B8-A583EB3AD648}.Release|x86.Build.0 = Release|Win32
	EndGlobalSection
	GlobalSection(SolutionProperties) = preSolution
		HideSolutionNode = FALSE
	EndGlobalSection
	GlobalSection(ExtensibilityGlobals) = postSolution
		SolutionGuid = {1B097025-C1B2-451C-A74C-D4179A6239BE}
	EndGlobalSection
EndGlobal
